
Microsoft Visual Studio Solution File, Format Version 12.00
# Visual Studio 2013
VisualStudioVersion = 12.0.30723.0
MinimumVisualStudioVersion = 10.0.40219.1
Project("{2150E333-8FDC-42A3-9474-1A3956D46DE8}") = "1.TimeComplexity", "1.TimeComplexity", "{8506211F-775E-452C-A023-6B69F33ED7A9}"
EndProject
Project("{2150E333-8FDC-42A3-9474-1A3956D46DE8}") = "1.FrogJmp", "1.FrogJmp", "{1D9216BE-347E-441E-956A-93D4C66577BE}"
EndProject
Project("{FAE04EC0-301F-11D3-BF4B-00C04F79EFBC}") = "FrogJmp", "1.TimeComplexity\1.FrogJmp\FrogJmp\FrogJmp.csproj", "{33F50D24-B0EB-4AD6-8103-3229A839B9C4}"
EndProject
Project("{FAE04EC0-301F-11D3-BF4B-00C04F79EFBC}") = "FrogJmp.Test", "1.TimeComplexity\1.FrogJmp\FrogJmp.Test\FrogJmp.Test.csproj", "{ED029D71-6D3C-43BC-B361-E28F5D27E231}"
EndProject
Project("{2150E333-8FDC-42A3-9474-1A3956D46DE8}") = "2.PermMissingElement", "2.PermMissingElement", "{5A6DEB87-2479-4D9F-AAA5-AA4D2CF1177B}"
EndProject
Project("{2150E333-8FDC-42A3-9474-1A3956D46DE8}") = "3.TapeEquilibrium", "3.TapeEquilibrium", "{96C9E278-E277-4ECC-A5B6-17C0C16D4FAD}"
EndProject
Project("{FAE04EC0-301F-11D3-BF4B-00C04F79EFBC}") = "PermMissingElement", "1.TimeComplexity\2.PermMissingElement\PermMissingElement\PermMissingElement.csproj", "{9905D417-FC7C-4391-93BD-D583452A037A}"
EndProject
Project("{FAE04EC0-301F-11D3-BF4B-00C04F79EFBC}") = "PermMissingElement.Test", "1.TimeComplexity\2.PermMissingElement\PermMissingElement.Test\PermMissingElement.Test.csproj", "{C66479B3-3209-4399-B267-2B464C4B5FF2}"
EndProject
Project("{FAE04EC0-301F-11D3-BF4B-00C04F79EFBC}") = "TapeEquilibrium", "1.TimeComplexity\3.TapeEquilibrium\TapeEquilibrium\TapeEquilibrium.csproj", "{B067409E-042F-42D1-BCBB-302462C468D3}"
EndProject
Project("{FAE04EC0-301F-11D3-BF4B-00C04F79EFBC}") = "TapeEquilibrium.Test", "1.TimeComplexity\3.TapeEquilibrium\TapeEquilibriumTest\TapeEquilibrium.Test.csproj", "{FD035B56-6535-4F53-8CD1-58C4728DDB73}"
EndProject
Global
	GlobalSection(SolutionConfigurationPlatforms) = preSolution
		Debug|Any CPU = Debug|Any CPU
		Release|Any CPU = Release|Any CPU
	EndGlobalSection
	GlobalSection(ProjectConfigurationPlatforms) = postSolution
		{33F50D24-B0EB-4AD6-8103-3229A839B9C4}.Debug|Any CPU.ActiveCfg = Debug|Any CPU
		{33F50D24-B0EB-4AD6-8103-3229A839B9C4}.Debug|Any CPU.Build.0 = Debug|Any CPU
		{33F50D24-B0EB-4AD6-8103-3229A839B9C4}.Release|Any CPU.ActiveCfg = Release|Any CPU
		{33F50D24-B0EB-4AD6-8103-3229A839B9C4}.Release|Any CPU.Build.0 = Release|Any CPU
		{ED029D71-6D3C-43BC-B361-E28F5D27E231}.Debug|Any CPU.ActiveCfg = Debug|Any CPU
		{ED029D71-6D3C-43BC-B361-E28F5D27E231}.Debug|Any CPU.Build.0 = Debug|Any CPU
		{ED029D71-6D3C-43BC-B361-E28F5D27E231}.Release|Any CPU.ActiveCfg = Release|Any CPU
		{ED029D71-6D3C-43BC-B361-E28F5D27E231}.Release|Any CPU.Build.0 = Release|Any CPU
		{9905D417-FC7C-4391-93BD-D583452A037A}.Debug|Any CPU.ActiveCfg = Debug|Any CPU
		{9905D417-FC7C-4391-93BD-D583452A037A}.Debug|Any CPU.Build.0 = Debug|Any CPU
		{9905D417-FC7C-4391-93BD-D583452A037A}.Release|Any CPU.ActiveCfg = Release|Any CPU
		{9905D417-FC7C-4391-93BD-D583452A037A}.Release|Any CPU.Build.0 = Release|Any CPU
		{C66479B3-3209-4399-B267-2B464C4B5FF2}.Debug|Any CPU.ActiveCfg = Debug|Any CPU
		{C66479B3-3209-4399-B267-2B464C4B5FF2}.Debug|Any CPU.Build.0 = Debug|Any CPU
		{C66479B3-3209-4399-B267-2B464C4B5FF2}.Release|Any CPU.ActiveCfg = Release|Any CPU
		{C66479B3-3209-4399-B267-2B464C4B5FF2}.Release|Any CPU.Build.0 = Release|Any CPU
		{B067409E-042F-42D1-BCBB-302462C468D3}.Debug|Any CPU.ActiveCfg = Debug|Any CPU
		{B067409E-042F-42D1-BCBB-302462C468D3}.Debug|Any CPU.Build.0 = Debug|Any CPU
		{B067409E-042F-42D1-BCBB-302462C468D3}.Release|Any CPU.ActiveCfg = Release|Any CPU
		{B067409E-042F-42D1-BCBB-302462C468D3}.Release|Any CPU.Build.0 = Release|Any CPU
		{FD035B56-6535-4F53-8CD1-58C4728DDB73}.Debug|Any CPU.ActiveCfg = Debug|Any CPU
		{FD035B56-6535-4F53-8CD1-58C4728DDB73}.Debug|Any CPU.Build.0 = Debug|Any CPU
		{FD035B56-6535-4F53-8CD1-58C4728DDB73}.Release|Any CPU.ActiveCfg = Release|Any CPU
		{FD035B56-6535-4F53-8CD1-58C4728DDB73}.Release|Any CPU.Build.0 = Release|Any CPU
	EndGlobalSection
	GlobalSection(SolutionProperties) = preSolution
		HideSolutionNode = FALSE
	EndGlobalSection
	GlobalSection(NestedProjects) = preSolution
		{1D9216BE-347E-441E-956A-93D4C66577BE} = {8506211F-775E-452C-A023-6B69F33ED7A9}
		{33F50D24-B0EB-4AD6-8103-3229A839B9C4} = {1D9216BE-347E-441E-956A-93D4C66577BE}
		{ED029D71-6D3C-43BC-B361-E28F5D27E231} = {1D9216BE-347E-441E-956A-93D4C66577BE}
		{5A6DEB87-2479-4D9F-AAA5-AA4D2CF1177B} = {8506211F-775E-452C-A023-6B69F33ED7A9}
		{96C9E278-E277-4ECC-A5B6-17C0C16D4FAD} = {8506211F-775E-452C-A023-6B69F33ED7A9}
		{9905D417-FC7C-4391-93BD-D583452A037A} = {5A6DEB87-2479-4D9F-AAA5-AA4D2CF1177B}
		{C66479B3-3209-4399-B267-2B464C4B5FF2} = {5A6DEB87-2479-4D9F-AAA5-AA4D2CF1177B}
		{B067409E-042F-42D1-BCBB-302462C468D3} = {96C9E278-E277-4ECC-A5B6-17C0C16D4FAD}
		{FD035B56-6535-4F53-8CD1-58C4728DDB73} = {96C9E278-E277-4ECC-A5B6-17C0C16D4FAD}
	EndGlobalSection
EndGlobal
