
Microsoft Visual Studio Solution File, Format Version 12.00
# Visual Studio 2013
VisualStudioVersion = 12.0.30723.0
MinimumVisualStudioVersion = 10.0.40219.1
Project("{2150E333-8FDC-42A3-9474-1A3956D46DE8}") = "1.TimeComplexity", "1.TimeComplexity", "{8506211F-775E-452C-A023-6B69F33ED7A9}"
EndProject
Project("{2150E333-8FDC-42A3-9474-1A3956D46DE8}") = "1.FrogJmp", "1.FrogJmp", "{1D9216BE-347E-441E-956A-93D4C66577BE}"
EndProject
Project("{FAE04EC0-301F-11D3-BF4B-00C04F79EFBC}") = "FrogJmpSolution", "1.TimeComplexity\1.FrogJmp\FrogJmp\FrogJmpSolution.csproj", "{33F50D24-B0EB-4AD6-8103-3229A839B9C4}"
EndProject
Project("{FAE04EC0-301F-11D3-BF4B-00C04F79EFBC}") = "FrogJmpSolution.Test", "1.TimeComplexity\1.FrogJmp\FrogJmp.Test\FrogJmpSolution.Test.csproj", "{ED029D71-6D3C-43BC-B361-E28F5D27E231}"
EndProject
Project("{2150E333-8FDC-42A3-9474-1A3956D46DE8}") = "2.PermMissingElement", "2.PermMissingElement", "{5A6DEB87-2479-4D9F-AAA5-AA4D2CF1177B}"
EndProject
Project("{2150E333-8FDC-42A3-9474-1A3956D46DE8}") = "3.TapeEquilibrium", "3.TapeEquilibrium", "{96C9E278-E277-4ECC-A5B6-17C0C16D4FAD}"
EndProject
Project("{FAE04EC0-301F-11D3-BF4B-00C04F79EFBC}") = "PermMissingElementSolution", "1.TimeComplexity\2.PermMissingElement\PermMissingElement\PermMissingElementSolution.csproj", "{9905D417-FC7C-4391-93BD-D583452A037A}"
EndProject
Project("{FAE04EC0-301F-11D3-BF4B-00C04F79EFBC}") = "PermMissingElementSolution.Test", "1.TimeComplexity\2.PermMissingElement\PermMissingElement.Test\PermMissingElementSolution.Test.csproj", "{C66479B3-3209-4399-B267-2B464C4B5FF2}"
EndProject
Project("{FAE04EC0-301F-11D3-BF4B-00C04F79EFBC}") = "TapeEquilibriumSolution", "1.TimeComplexity\3.TapeEquilibrium\TapeEquilibrium\TapeEquilibriumSolution.csproj", "{B067409E-042F-42D1-BCBB-302462C468D3}"
EndProject
Project("{FAE04EC0-301F-11D3-BF4B-00C04F79EFBC}") = "TapeEquilibriumSolution.Test", "1.TimeComplexity\3.TapeEquilibrium\TapeEquilibriumTest\TapeEquilibriumSolution.Test.csproj", "{FD035B56-6535-4F53-8CD1-58C4728DDB73}"
EndProject
Project("{2150E333-8FDC-42A3-9474-1A3956D46DE8}") = "2.CountingElements", "2.CountingElements", "{FF4B50C1-A044-49E9-82A1-B88C70D3FB88}"
EndProject
Project("{2150E333-8FDC-42A3-9474-1A3956D46DE8}") = "1.PermCheck", "1.PermCheck", "{17D9C6EB-5844-41F8-80E2-26BF1D7E163B}"
EndProject
Project("{FAE04EC0-301F-11D3-BF4B-00C04F79EFBC}") = "PermCheckSolution.Test", "2.CountingElements\1.PermCheck\PermCheck.Test\PermCheckSolution.Test.csproj", "{EE2150E5-8B5A-4FAA-AC0C-A8118925813F}"
EndProject
Project("{FAE04EC0-301F-11D3-BF4B-00C04F79EFBC}") = "PermCheckSolution", "2.CountingElements\1.PermCheck\PermCheck\PermCheckSolution.csproj", "{B39DEF1F-3B33-4B71-ACA5-C48109269BAE}"
EndProject
Project("{2150E333-8FDC-42A3-9474-1A3956D46DE8}") = "2.FrogRiverOne", "2.FrogRiverOne", "{28D6C435-22F4-4A5C-B3B7-F1F1DF24E1FE}"
EndProject
Project("{FAE04EC0-301F-11D3-BF4B-00C04F79EFBC}") = "FrogRiverOneSolution", "2.CountingElements\2.FrogRiverOne\FrogRiverOneSolution\FrogRiverOneSolution.csproj", "{F1499A71-6881-4DCA-ABB5-D9ABC3B97E2E}"
EndProject
Project("{FAE04EC0-301F-11D3-BF4B-00C04F79EFBC}") = "FrogRiverOneSolution.Test", "2.CountingElements\2.FrogRiverOne\FrogRiverOneSolution.Test\FrogRiverOneSolution.Test.csproj", "{189433CD-6B4D-4361-85F4-F083CA333616}"
EndProject
Project("{2150E333-8FDC-42A3-9474-1A3956D46DE8}") = "3.MissingInteger", "3.MissingInteger", "{DF6C5A43-74B6-405F-A4B4-B2F66660AD2F}"
EndProject
Project("{FAE04EC0-301F-11D3-BF4B-00C04F79EFBC}") = "MissingIntegerSolution.Test", "2.CountingElements\3.MissingInteger\MissingIntegerSolution.Test\MissingIntegerSolution.Test.csproj", "{040E17E7-D9AA-4AA9-AD42-C3A29633A23D}"
EndProject
Project("{FAE04EC0-301F-11D3-BF4B-00C04F79EFBC}") = "MissingIntegerSolution", "2.CountingElements\3.MissingInteger\MissingIntegerSolution\MissingIntegerSolution.csproj", "{5A78DC88-8796-428F-8195-7090ABB3B479}"
EndProject
Project("{2150E333-8FDC-42A3-9474-1A3956D46DE8}") = "4.MaxCounters", "4.MaxCounters", "{43F5E560-5453-44C8-8A85-77D8F6B518E6}"
EndProject
Project("{FAE04EC0-301F-11D3-BF4B-00C04F79EFBC}") = "MaxCountersSolution", "2.CountingElements\4.MaxCounters\MaxCountersSolution\MaxCountersSolution.csproj", "{F5373ED4-F7F9-4537-9B6F-6E75F0D61E75}"
EndProject
Project("{FAE04EC0-301F-11D3-BF4B-00C04F79EFBC}") = "MaxCountersSolution.Test", "2.CountingElements\4.MaxCounters\MaxCountersSolution.Test\MaxCountersSolution.Test.csproj", "{AFD937CC-54A9-4F27-BC8C-127F84D46474}"
EndProject
Global
	GlobalSection(SolutionConfigurationPlatforms) = preSolution
		Debug|Any CPU = Debug|Any CPU
		Release|Any CPU = Release|Any CPU
	EndGlobalSection
	GlobalSection(ProjectConfigurationPlatforms) = postSolution
		{33F50D24-B0EB-4AD6-8103-3229A839B9C4}.Debug|Any CPU.ActiveCfg = Debug|Any CPU
		{33F50D24-B0EB-4AD6-8103-3229A839B9C4}.Debug|Any CPU.Build.0 = Debug|Any CPU
		{33F50D24-B0EB-4AD6-8103-3229A839B9C4}.Release|Any CPU.ActiveCfg = Release|Any CPU
		{33F50D24-B0EB-4AD6-8103-3229A839B9C4}.Release|Any CPU.Build.0 = Release|Any CPU
		{ED029D71-6D3C-43BC-B361-E28F5D27E231}.Debug|Any CPU.ActiveCfg = Debug|Any CPU
		{ED029D71-6D3C-43BC-B361-E28F5D27E231}.Debug|Any CPU.Build.0 = Debug|Any CPU
		{ED029D71-6D3C-43BC-B361-E28F5D27E231}.Release|Any CPU.ActiveCfg = Release|Any CPU
		{ED029D71-6D3C-43BC-B361-E28F5D27E231}.Release|Any CPU.Build.0 = Release|Any CPU
		{9905D417-FC7C-4391-93BD-D583452A037A}.Debug|Any CPU.ActiveCfg = Debug|Any CPU
		{9905D417-FC7C-4391-93BD-D583452A037A}.Debug|Any CPU.Build.0 = Debug|Any CPU
		{9905D417-FC7C-4391-93BD-D583452A037A}.Release|Any CPU.ActiveCfg = Release|Any CPU
		{9905D417-FC7C-4391-93BD-D583452A037A}.Release|Any CPU.Build.0 = Release|Any CPU
		{C66479B3-3209-4399-B267-2B464C4B5FF2}.Debug|Any CPU.ActiveCfg = Debug|Any CPU
		{C66479B3-3209-4399-B267-2B464C4B5FF2}.Debug|Any CPU.Build.0 = Debug|Any CPU
		{C66479B3-3209-4399-B267-2B464C4B5FF2}.Release|Any CPU.ActiveCfg = Release|Any CPU
		{C66479B3-3209-4399-B267-2B464C4B5FF2}.Release|Any CPU.Build.0 = Release|Any CPU
		{B067409E-042F-42D1-BCBB-302462C468D3}.Debug|Any CPU.ActiveCfg = Debug|Any CPU
		{B067409E-042F-42D1-BCBB-302462C468D3}.Debug|Any CPU.Build.0 = Debug|Any CPU
		{B067409E-042F-42D1-BCBB-302462C468D3}.Release|Any CPU.ActiveCfg = Release|Any CPU
		{B067409E-042F-42D1-BCBB-302462C468D3}.Release|Any CPU.Build.0 = Release|Any CPU
		{FD035B56-6535-4F53-8CD1-58C4728DDB73}.Debug|Any CPU.ActiveCfg = Debug|Any CPU
		{FD035B56-6535-4F53-8CD1-58C4728DDB73}.Debug|Any CPU.Build.0 = Debug|Any CPU
		{FD035B56-6535-4F53-8CD1-58C4728DDB73}.Release|Any CPU.ActiveCfg = Release|Any CPU
		{FD035B56-6535-4F53-8CD1-58C4728DDB73}.Release|Any CPU.Build.0 = Release|Any CPU
		{EE2150E5-8B5A-4FAA-AC0C-A8118925813F}.Debug|Any CPU.ActiveCfg = Debug|Any CPU
		{EE2150E5-8B5A-4FAA-AC0C-A8118925813F}.Debug|Any CPU.Build.0 = Debug|Any CPU
		{EE2150E5-8B5A-4FAA-AC0C-A8118925813F}.Release|Any CPU.ActiveCfg = Release|Any CPU
		{EE2150E5-8B5A-4FAA-AC0C-A8118925813F}.Release|Any CPU.Build.0 = Release|Any CPU
		{B39DEF1F-3B33-4B71-ACA5-C48109269BAE}.Debug|Any CPU.ActiveCfg = Debug|Any CPU
		{B39DEF1F-3B33-4B71-ACA5-C48109269BAE}.Debug|Any CPU.Build.0 = Debug|Any CPU
		{B39DEF1F-3B33-4B71-ACA5-C48109269BAE}.Release|Any CPU.ActiveCfg = Release|Any CPU
		{B39DEF1F-3B33-4B71-ACA5-C48109269BAE}.Release|Any CPU.Build.0 = Release|Any CPU
		{F1499A71-6881-4DCA-ABB5-D9ABC3B97E2E}.Debug|Any CPU.ActiveCfg = Debug|Any CPU
		{F1499A71-6881-4DCA-ABB5-D9ABC3B97E2E}.Debug|Any CPU.Build.0 = Debug|Any CPU
		{F1499A71-6881-4DCA-ABB5-D9ABC3B97E2E}.Release|Any CPU.ActiveCfg = Release|Any CPU
		{F1499A71-6881-4DCA-ABB5-D9ABC3B97E2E}.Release|Any CPU.Build.0 = Release|Any CPU
		{189433CD-6B4D-4361-85F4-F083CA333616}.Debug|Any CPU.ActiveCfg = Debug|Any CPU
		{189433CD-6B4D-4361-85F4-F083CA333616}.Debug|Any CPU.Build.0 = Debug|Any CPU
		{189433CD-6B4D-4361-85F4-F083CA333616}.Release|Any CPU.ActiveCfg = Release|Any CPU
		{189433CD-6B4D-4361-85F4-F083CA333616}.Release|Any CPU.Build.0 = Release|Any CPU
		{040E17E7-D9AA-4AA9-AD42-C3A29633A23D}.Debug|Any CPU.ActiveCfg = Debug|Any CPU
		{040E17E7-D9AA-4AA9-AD42-C3A29633A23D}.Debug|Any CPU.Build.0 = Debug|Any CPU
		{040E17E7-D9AA-4AA9-AD42-C3A29633A23D}.Release|Any CPU.ActiveCfg = Release|Any CPU
		{040E17E7-D9AA-4AA9-AD42-C3A29633A23D}.Release|Any CPU.Build.0 = Release|Any CPU
		{5A78DC88-8796-428F-8195-7090ABB3B479}.Debug|Any CPU.ActiveCfg = Debug|Any CPU
		{5A78DC88-8796-428F-8195-7090ABB3B479}.Debug|Any CPU.Build.0 = Debug|Any CPU
		{5A78DC88-8796-428F-8195-7090ABB3B479}.Release|Any CPU.ActiveCfg = Release|Any CPU
		{5A78DC88-8796-428F-8195-7090ABB3B479}.Release|Any CPU.Build.0 = Release|Any CPU
		{F5373ED4-F7F9-4537-9B6F-6E75F0D61E75}.Debug|Any CPU.ActiveCfg = Debug|Any CPU
		{F5373ED4-F7F9-4537-9B6F-6E75F0D61E75}.Debug|Any CPU.Build.0 = Debug|Any CPU
		{F5373ED4-F7F9-4537-9B6F-6E75F0D61E75}.Release|Any CPU.ActiveCfg = Release|Any CPU
		{F5373ED4-F7F9-4537-9B6F-6E75F0D61E75}.Release|Any CPU.Build.0 = Release|Any CPU
		{AFD937CC-54A9-4F27-BC8C-127F84D46474}.Debug|Any CPU.ActiveCfg = Debug|Any CPU
		{AFD937CC-54A9-4F27-BC8C-127F84D46474}.Debug|Any CPU.Build.0 = Debug|Any CPU
		{AFD937CC-54A9-4F27-BC8C-127F84D46474}.Release|Any CPU.ActiveCfg = Release|Any CPU
		{AFD937CC-54A9-4F27-BC8C-127F84D46474}.Release|Any CPU.Build.0 = Release|Any CPU
	EndGlobalSection
	GlobalSection(SolutionProperties) = preSolution
		HideSolutionNode = FALSE
	EndGlobalSection
	GlobalSection(NestedProjects) = preSolution
		{1D9216BE-347E-441E-956A-93D4C66577BE} = {8506211F-775E-452C-A023-6B69F33ED7A9}
		{33F50D24-B0EB-4AD6-8103-3229A839B9C4} = {1D9216BE-347E-441E-956A-93D4C66577BE}
		{ED029D71-6D3C-43BC-B361-E28F5D27E231} = {1D9216BE-347E-441E-956A-93D4C66577BE}
		{5A6DEB87-2479-4D9F-AAA5-AA4D2CF1177B} = {8506211F-775E-452C-A023-6B69F33ED7A9}
		{96C9E278-E277-4ECC-A5B6-17C0C16D4FAD} = {8506211F-775E-452C-A023-6B69F33ED7A9}
		{9905D417-FC7C-4391-93BD-D583452A037A} = {5A6DEB87-2479-4D9F-AAA5-AA4D2CF1177B}
		{C66479B3-3209-4399-B267-2B464C4B5FF2} = {5A6DEB87-2479-4D9F-AAA5-AA4D2CF1177B}
		{B067409E-042F-42D1-BCBB-302462C468D3} = {96C9E278-E277-4ECC-A5B6-17C0C16D4FAD}
		{FD035B56-6535-4F53-8CD1-58C4728DDB73} = {96C9E278-E277-4ECC-A5B6-17C0C16D4FAD}
		{17D9C6EB-5844-41F8-80E2-26BF1D7E163B} = {FF4B50C1-A044-49E9-82A1-B88C70D3FB88}
		{EE2150E5-8B5A-4FAA-AC0C-A8118925813F} = {17D9C6EB-5844-41F8-80E2-26BF1D7E163B}
		{B39DEF1F-3B33-4B71-ACA5-C48109269BAE} = {17D9C6EB-5844-41F8-80E2-26BF1D7E163B}
		{28D6C435-22F4-4A5C-B3B7-F1F1DF24E1FE} = {FF4B50C1-A044-49E9-82A1-B88C70D3FB88}
		{F1499A71-6881-4DCA-ABB5-D9ABC3B97E2E} = {28D6C435-22F4-4A5C-B3B7-F1F1DF24E1FE}
		{189433CD-6B4D-4361-85F4-F083CA333616} = {28D6C435-22F4-4A5C-B3B7-F1F1DF24E1FE}
		{DF6C5A43-74B6-405F-A4B4-B2F66660AD2F} = {FF4B50C1-A044-49E9-82A1-B88C70D3FB88}
		{040E17E7-D9AA-4AA9-AD42-C3A29633A23D} = {DF6C5A43-74B6-405F-A4B4-B2F66660AD2F}
		{5A78DC88-8796-428F-8195-7090ABB3B479} = {DF6C5A43-74B6-405F-A4B4-B2F66660AD2F}
		{43F5E560-5453-44C8-8A85-77D8F6B518E6} = {FF4B50C1-A044-49E9-82A1-B88C70D3FB88}
		{F5373ED4-F7F9-4537-9B6F-6E75F0D61E75} = {43F5E560-5453-44C8-8A85-77D8F6B518E6}
		{AFD937CC-54A9-4F27-BC8C-127F84D46474} = {43F5E560-5453-44C8-8A85-77D8F6B518E6}
	EndGlobalSection
EndGlobal
